
Microsoft Visual Studio Solution File, Format Version 12.00
# Visual Studio Version 16
VisualStudioVersion = 16.0.30611.23
MinimumVisualStudioVersion = 10.0.40219.1
Project("{8BC9CEB8-8B4A-11D0-8D11-00A0C91BC942}") = "OKR", "OKR.vcxproj", "{DC7C25F5-39CA-4BF8-A304-EADAFDF94E46}"
EndProject
Global
	GlobalSection(SolutionConfigurationPlatforms) = preSolution
		Debug|x64 = Debug|x64
		Debug|x86 = Debug|x86
		Release|x64 = Release|x64
		Release|x86 = Release|x86
	EndGlobalSection
	GlobalSection(ProjectConfigurationPlatforms) = postSolution
		{DC7C25F5-39CA-4BF8-A304-EADAFDF94E46}.Debug|x64.ActiveCfg = Debug|x64
		{DC7C25F5-39CA-4BF8-A304-EADAFDF94E46}.Debug|x64.Build.0 = Debug|x64
		{DC7C25F5-39CA-4BF8-A304-EADAFDF94E46}.Debug|x86.ActiveCfg = Debug|Win32
		{DC7C25F5-39CA-4BF8-A304-EADAFDF94E46}.Debug|x86.Build.0 = Debug|Win32
		{DC7C25F5-39CA-4BF8-A304-EADAFDF94E46}.Release|x64.ActiveCfg = Release|x64
		{DC7C25F5-39CA-4BF8-A304-EADAFDF94E46}.Release|x64.Build.0 = Release|x64
		{DC7C25F5-39CA-4BF8-A304-EADAFDF94E46}.Release|x86.ActiveCfg = Release|Win32
		{DC7C25F5-39CA-4BF8-A304-EADAFDF94E46}.Release|x86.Build.0 = Release|Win32
	EndGlobalSection
	GlobalSection(SolutionProperties) = preSolution
		HideSolutionNode = FALSE
	EndGlobalSection
	GlobalSection(ExtensibilityGlobals) = postSolution
		SolutionGuid = {D751E539-C823-4F4C-8A20-A9B51E5E891B}
	EndGlobalSection
EndGlobal
